
Microsoft Visual Studio Solution File, Format Version 12.00
# Visual Studio Version 16
VisualStudioVersion = 16.0.30413.136
MinimumVisualStudioVersion = 10.0.40219.1
Project("{FAE04EC0-301F-11D3-BF4B-00C04F79EFBC}") = "mortal kombat", "mortal kombat\mortal kombat.csproj", "{9491AF1C-D17C-4459-9B24-1EB8249C40AE}"
EndProject
Global
	GlobalSection(SolutionConfigurationPlatforms) = preSolution
		Debug|Any CPU = Debug|Any CPU
		Release|Any CPU = Release|Any CPU
	EndGlobalSection
	GlobalSection(ProjectConfigurationPlatforms) = postSolution
		{9491AF1C-D17C-4459-9B24-1EB8249C40AE}.Debug|Any CPU.ActiveCfg = Debug|Any CPU
		{9491AF1C-D17C-4459-9B24-1EB8249C40AE}.Debug|Any CPU.Build.0 = Debug|Any CPU
		{9491AF1C-D17C-4459-9B24-1EB8249C40AE}.Release|Any CPU.ActiveCfg = Release|Any CPU
		{9491AF1C-D17C-4459-9B24-1EB8249C40AE}.Release|Any CPU.Build.0 = Release|Any CPU
	EndGlobalSection
	GlobalSection(SolutionProperties) = preSolution
		HideSolutionNode = FALSE
	EndGlobalSection
	GlobalSection(ExtensibilityGlobals) = postSolution
		SolutionGuid = {3844750C-F076-4A7E-87E5-F525CB256B59}
	EndGlobalSection
EndGlobal
